<?xml version="1.0" encoding="utf-8"?>
<Project ToolsVersion="4.0" xmlns="http://schemas.microsoft.com/developer/msbuild/2003">
  <ItemGroup>
    <Filter Include="Common">
      <UniqueIdentifier>{c429762f-de2b-4d7f-90e6-8413abbec256}</UniqueIdentifier>
    </Filter>
    <Filter Include="Renderer">
      <UniqueIdentifier>{23fbb0b7-28d1-4755-81a8-16494792a8b1}</UniqueIdentifier>
    </Filter>
    <Filter Include="Renderer\fx">
      <UniqueIdentifier>{0c0c957e-a39b-434a-b19c-ae5cde62b5ad}</UniqueIdentifier>
    </Filter>
  </ItemGroup>
  <ItemGroup>
    <ClInclude Include="stdafx.h">
      <Filter>Common</Filter>
    </ClInclude>
    <ClInclude Include="targetver.h">
      <Filter>Common</Filter>
    </ClInclude>
    <ClInclude Include="IWindow.hpp" />
    <ClInclude Include="Window.hpp" />
    <ClInclude Include="Window.mock.hpp" />
    <ClInclude Include="Events.hpp" />
    <ClInclude Include="Renderer\Api.forward.hpp">
      <Filter>Renderer</Filter>
    </ClInclude>
    <ClInclude Include="Renderer\DxCheck.hpp">
      <Filter>Renderer</Filter>
    </ClInclude>
    <ClInclude Include="Renderer\GL.hpp">
      <Filter>Renderer</Filter>
    </ClInclude>
    <ClInclude Include="Renderer\IGraphicApi.hpp">
      <Filter>Renderer</Filter>
    </ClInclude>
    <ClInclude Include="Renderer\stdafx.h">
      <Filter>Renderer</Filter>
    </ClInclude>
    <ClInclude Include="Component.hpp" />
    <ClInclude Include="Renders.hpp" />
    <ClInclude Include="Renderer\DirectX10.hpp">
      <Filter>Renderer</Filter>
    </ClInclude>
    <ClInclude Include="Renderer\Component.hpp">
      <Filter>Renderer</Filter>
    </ClInclude>
    <ClInclude Include="Renderer\DirectX9.hpp">
      <Filter>Renderer</Filter>
    </ClInclude>
    <ClInclude Include="Renderer\DirectX11.hpp">
      <Filter>Renderer</Filter>
    </ClInclude>
    <ClInclude Include="Renderer\OpenGL.hpp">
      <Filter>Renderer</Filter>
    </ClInclude>
    <ClInclude Include="Renderer\OpenGLCommon.hpp">
      <Filter>Renderer</Filter>
    </ClInclude>
    <ClInclude Include="Vertex.hpp" />
    <ClInclude Include="Renderer\fx\Data.h">
      <Filter>Renderer\fx</Filter>
    </ClInclude>
    <ClInclude Include="Renderer\GLMath.hpp">
      <Filter>Renderer</Filter>
    </ClInclude>
    <ClInclude Include="Renderer\CapturingServiceComponent.hpp">
      <Filter>Renderer</Filter>
    </ClInclude>
    <ClInclude Include="Renderer\DirectX.hpp">
      <Filter>Renderer</Filter>
    </ClInclude>
    <ClInclude Include="Renderer\fx\Hlsl.hpp">
      <Filter>Renderer\fx</Filter>
    </ClInclude>
    <ClInclude Include="Defines.hpp" />
    <ClInclude Include="Renderer\Updater.hpp">
      <Filter>Renderer</Filter>
    </ClInclude>
  </ItemGroup>
  <ItemGroup>
    <ClCompile Include="stdafx.cpp">
      <Filter>Common</Filter>
    </ClCompile>
    <ClCompile Include="Window.cpp" />
    <ClCompile Include="Renderer\DxCheck.cpp">
      <Filter>Renderer</Filter>
    </ClCompile>
    <ClCompile Include="Renders.cpp" />
    <ClCompile Include="Renderer\DirectX10.cpp">
      <Filter>Renderer</Filter>
    </ClCompile>
    <ClCompile Include="Renderer\DirectX9.cpp">
      <Filter>Renderer</Filter>
    </ClCompile>
    <ClCompile Include="Renderer\DirectX11.cpp">
      <Filter>Renderer</Filter>
    </ClCompile>
    <ClCompile Include="Renderer\OpenGL.cpp">
      <Filter>Renderer</Filter>
    </ClCompile>
    <ClCompile Include="Renderer\OpenGLCommon.cpp">
      <Filter>Renderer</Filter>
    </ClCompile>
    <ClCompile Include="Renderer\CapturingServiceComponent.cpp">
      <Filter>Renderer</Filter>
    </ClCompile>
    <ClCompile Include="Renderer\DirectX.cpp">
      <Filter>Renderer</Filter>
    </ClCompile>
    <ClCompile Include="Window.windows.cpp" />
    <ClCompile Include="Renderer\Updater.cpp">
      <Filter>Renderer</Filter>
    </ClCompile>
  </ItemGroup>
  <ItemGroup>
    <FxCompile Include="Renderer\fx\Vertex.fx">
      <Filter>Renderer\fx</Filter>
    </FxCompile>
    <FxCompile Include="Renderer\fx\Pixel.fx">
      <Filter>Renderer\fx</Filter>
    </FxCompile>
    <FxCompile Include="Renderer\fx\Input.fx">
      <Filter>Renderer\fx</Filter>
    </FxCompile>
    <FxCompile Include="Renderer\fx\PBR1.fx">
      <Filter>Renderer\fx</Filter>
    </FxCompile>
    <FxCompile Include="Renderer\fx\Example.fx">
      <Filter>Renderer\fx</Filter>
    </FxCompile>
  </ItemGroup>
  <ItemGroup>
    <None Include="Component.inl" />
  </ItemGroup>
</Project>