<?xml version="1.0" encoding="utf-8"?>
<Project ToolsVersion="4.0" xmlns="http://schemas.microsoft.com/developer/msbuild/2003">
  <ItemGroup>
    <Filter Include="Common">
      <UniqueIdentifier>{c429762f-de2b-4d7f-90e6-8413abbec256}</UniqueIdentifier>
    </Filter>
    <Filter Include="Render">
      <UniqueIdentifier>{23fbb0b7-28d1-4755-81a8-16494792a8b1}</UniqueIdentifier>
    </Filter>
    <Filter Include="Render\fx">
      <UniqueIdentifier>{0c0c957e-a39b-434a-b19c-ae5cde62b5ad}</UniqueIdentifier>
    </Filter>
  </ItemGroup>
  <ItemGroup>
    <ClInclude Include="stdafx.h">
      <Filter>Common</Filter>
    </ClInclude>
    <ClInclude Include="targetver.h">
      <Filter>Common</Filter>
    </ClInclude>
    <ClInclude Include="IWindow.hpp" />
    <ClInclude Include="Window.hpp" />
    <ClInclude Include="Window.mock.hpp" />
    <ClInclude Include="Events.hpp" />
    <ClInclude Include="Render\fx\Render.auto.hpp">
      <Filter>Render\fx</Filter>
    </ClInclude>
    <ClInclude Include="Render\IRender.hpp">
      <Filter>Render</Filter>
    </ClInclude>
    <ClInclude Include="Render\Render.hpp">
      <Filter>Render</Filter>
    </ClInclude>
    <ClInclude Include="Render\stdafx.h">
      <Filter>Render</Filter>
    </ClInclude>
    <ClInclude Include="Render\IGraphicApi.hpp">
      <Filter>Render</Filter>
    </ClInclude>
    <ClInclude Include="Render\Api.forward.hpp">
      <Filter>Render</Filter>
    </ClInclude>
    <ClInclude Include="Render\DirectX10.hpp">
      <Filter>Render</Filter>
    </ClInclude>
    <ClInclude Include="Render\OpenGL.hpp">
      <Filter>Render</Filter>
    </ClInclude>
    <ClInclude Include="Render\OpenGLCommon.hpp">
      <Filter>Render</Filter>
    </ClInclude>
    <ClInclude Include="Render\DirectX9.hpp">
      <Filter>Render</Filter>
    </ClInclude>
    <ClInclude Include="Render\DirectX11.hpp">
      <Filter>Render</Filter>
    </ClInclude>
    <ClInclude Include="Render\DxCheck.hpp">
      <Filter>Render</Filter>
    </ClInclude>
  </ItemGroup>
  <ItemGroup>
    <ClCompile Include="stdafx.cpp">
      <Filter>Common</Filter>
    </ClCompile>
    <ClCompile Include="Window.cpp" />
    <ClCompile Include="Render\Render.cpp">
      <Filter>Render</Filter>
    </ClCompile>
    <ClCompile Include="Render\DirectX10.cpp">
      <Filter>Render</Filter>
    </ClCompile>
    <ClCompile Include="Render\OpenGL.cpp">
      <Filter>Render</Filter>
    </ClCompile>
    <ClCompile Include="Render\OpenGLCommon.cpp">
      <Filter>Render</Filter>
    </ClCompile>
    <ClCompile Include="Render\DirectX9.cpp">
      <Filter>Render</Filter>
    </ClCompile>
    <ClCompile Include="Render\DirectX11.cpp">
      <Filter>Render</Filter>
    </ClCompile>
    <ClCompile Include="Render\DxCheck.cpp">
      <Filter>Render</Filter>
    </ClCompile>
  </ItemGroup>
  <ItemGroup>
    <FxCompile Include="Render\fx\Render.fx">
      <Filter>Render\fx</Filter>
    </FxCompile>
  </ItemGroup>
</Project>