<?xml version="1.0" encoding="utf-8"?>
<Project ToolsVersion="4.0" xmlns="http://schemas.microsoft.com/developer/msbuild/2003">
  <ItemGroup>
    <Filter Include="Common">
      <UniqueIdentifier>{051438be-9e43-4426-bee1-d0d0c427743e}</UniqueIdentifier>
    </Filter>
    <Filter Include="Renderer">
      <UniqueIdentifier>{e7edf978-1411-408b-ab34-f625349a1bd3}</UniqueIdentifier>
    </Filter>
  </ItemGroup>
  <ItemGroup>
    <ClInclude Include="pch.h">
      <Filter>Common</Filter>
    </ClInclude>
    <ClInclude Include="Window.mock.hpp" />
    <ClInclude Include="IWindow.hpp" />
    <ClInclude Include="stdafx.h">
      <Filter>Common</Filter>
    </ClInclude>
    <ClInclude Include="Window.hpp" />
    <ClInclude Include="Events.hpp" />
    <ClInclude Include="Renderer\Api.forward.hpp">
      <Filter>Renderer</Filter>
    </ClInclude>
    <ClInclude Include="Renderer\GL.hpp">
      <Filter>Renderer</Filter>
    </ClInclude>
    <ClInclude Include="Renderer\IGraphicApi.hpp">
      <Filter>Renderer</Filter>
    </ClInclude>
    <ClInclude Include="Renderer\stdafx.h">
      <Filter>Renderer</Filter>
    </ClInclude>
    <ClInclude Include="Component.hpp" />
    <ClInclude Include="Renders.hpp" />
    <ClInclude Include="Renderer\Component.hpp">
      <Filter>Renderer</Filter>
    </ClInclude>
    <ClInclude Include="Renderer\OpenGLCommon.hpp">
      <Filter>Renderer</Filter>
    </ClInclude>
    <ClInclude Include="Vertex.hpp" />
    <ClInclude Include="Defines.hpp" />
    <ClInclude Include="Renderer\OpenGLCommonShader.hpp">
      <Filter>Renderer</Filter>
    </ClInclude>
    <ClInclude Include="Renderer\GraphicApi.hpp">
      <Filter>Renderer</Filter>
    </ClInclude>
    <ClInclude Include="Renderer\OpenGLES3.hpp">
      <Filter>Renderer</Filter>
    </ClInclude>
    <ClInclude Include="Renderer\OpenGLCommon.Texture.hpp">
      <Filter>Renderer</Filter>
    </ClInclude>
    <ClInclude Include="Renderer\GraphicApi.Constants.hpp">
      <Filter>Renderer</Filter>
    </ClInclude>
    <ClInclude Include="Constant.hpp" />
  </ItemGroup>
  <ItemGroup>
    <ClCompile Include="Window.cpp" />
    <ClCompile Include="Renders.cpp" />
    <ClCompile Include="Renderer\OpenGLCommon.cpp">
      <Filter>Renderer</Filter>
    </ClCompile>
    <ClCompile Include="Window.android.cpp" />
    <ClCompile Include="Renderer\OpenGLCommonShader.cpp">
      <Filter>Renderer</Filter>
    </ClCompile>
    <ClCompile Include="Renderer\GraphicApi.cpp">
      <Filter>Renderer</Filter>
    </ClCompile>
    <ClCompile Include="Renderer\OpenGLES3.cpp">
      <Filter>Renderer</Filter>
    </ClCompile>
    <ClCompile Include="Renderer\OpenGLCommon.Texture.cpp">
      <Filter>Renderer</Filter>
    </ClCompile>
    <ClCompile Include="Renderer\GraphicApi.CapturingServiceComponent.cpp">
      <Filter>Renderer</Filter>
    </ClCompile>
  </ItemGroup>
  <ItemGroup>
    <None Include="Component.inl" />
  </ItemGroup>
</Project>