<?xml version="1.0" encoding="utf-8"?>
<Project ToolsVersion="4.0" xmlns="http://schemas.microsoft.com/developer/msbuild/2003">
  <ItemGroup>
    <Filter Include="Common">
      <UniqueIdentifier>{051438be-9e43-4426-bee1-d0d0c427743e}</UniqueIdentifier>
    </Filter>
    <Filter Include="Render">
      <UniqueIdentifier>{e7edf978-1411-408b-ab34-f625349a1bd3}</UniqueIdentifier>
    </Filter>
  </ItemGroup>
  <ItemGroup>
    <ClInclude Include="pch.h">
      <Filter>Common</Filter>
    </ClInclude>
    <ClInclude Include="Window.mock.hpp" />
    <ClInclude Include="IWindow.hpp" />
    <ClInclude Include="stdafx.h">
      <Filter>Common</Filter>
    </ClInclude>
    <ClInclude Include="Window.hpp" />
    <ClInclude Include="Events.hpp" />
    <ClInclude Include="Render\IRender.hpp">
      <Filter>Render</Filter>
    </ClInclude>
    <ClInclude Include="Render\Render.hpp">
      <Filter>Render</Filter>
    </ClInclude>
    <ClInclude Include="Render\IGraphicApi.hpp">
      <Filter>Render</Filter>
    </ClInclude>
    <ClInclude Include="Render\Api.forward.hpp">
      <Filter>Render</Filter>
    </ClInclude>
    <ClInclude Include="Render\OpenGLES.hpp">
      <Filter>Render</Filter>
    </ClInclude>
    <ClInclude Include="Render\OpenGLCommon.hpp">
      <Filter>Render</Filter>
    </ClInclude>
  </ItemGroup>
  <ItemGroup>
    <ClCompile Include="Window.cpp" />
    <ClCompile Include="Render\Render.cpp">
      <Filter>Render</Filter>
    </ClCompile>
    <ClCompile Include="Render\OpenGLES.cpp">
      <Filter>Render</Filter>
    </ClCompile>
    <ClCompile Include="Render\OpenGLCommon.cpp">
      <Filter>Render</Filter>
    </ClCompile>
  </ItemGroup>
</Project>