<?xml version="1.0" encoding="utf-8"?>
<Project ToolsVersion="4.0" xmlns="http://schemas.microsoft.com/developer/msbuild/2003">
  <ItemGroup>
    <Filter Include="Common">
      <UniqueIdentifier>{c429762f-de2b-4d7f-90e6-8413abbec256}</UniqueIdentifier>
    </Filter>
    <Filter Include="Renderer">
      <UniqueIdentifier>{23fbb0b7-28d1-4755-81a8-16494792a8b1}</UniqueIdentifier>
    </Filter>
    <Filter Include="Renderer\shaders">
      <UniqueIdentifier>{0fa88aa0-4f55-4850-b20b-0a171ce7127d}</UniqueIdentifier>
    </Filter>
  </ItemGroup>
  <ItemGroup>
    <ClInclude Include="stdafx.h">
      <Filter>Common</Filter>
    </ClInclude>
    <ClInclude Include="targetver.h">
      <Filter>Common</Filter>
    </ClInclude>
    <ClInclude Include="IWindow.hpp" />
    <ClInclude Include="Window.hpp" />
    <ClInclude Include="Window.mock.hpp" />
    <ClInclude Include="Events.hpp" />
    <ClInclude Include="Renderer\Api.forward.hpp">
      <Filter>Renderer</Filter>
    </ClInclude>
    <ClInclude Include="Renderer\DxCheck.hpp">
      <Filter>Renderer</Filter>
    </ClInclude>
    <ClInclude Include="Renderer\GL.hpp">
      <Filter>Renderer</Filter>
    </ClInclude>
    <ClInclude Include="Renderer\IGraphicApi.hpp">
      <Filter>Renderer</Filter>
    </ClInclude>
    <ClInclude Include="Renderer\stdafx.h">
      <Filter>Renderer</Filter>
    </ClInclude>
    <ClInclude Include="Component.hpp" />
    <ClInclude Include="Renders.hpp" />
    <ClInclude Include="Renderer\DirectX10.hpp">
      <Filter>Renderer</Filter>
    </ClInclude>
    <ClInclude Include="Renderer\Component.hpp">
      <Filter>Renderer</Filter>
    </ClInclude>
    <ClInclude Include="Renderer\DirectX11.hpp">
      <Filter>Renderer</Filter>
    </ClInclude>
    <ClInclude Include="Renderer\OpenGL.hpp">
      <Filter>Renderer</Filter>
    </ClInclude>
    <ClInclude Include="Renderer\OpenGLCommon.hpp">
      <Filter>Renderer</Filter>
    </ClInclude>
    <ClInclude Include="Vertex.hpp" />
    <ClInclude Include="Renderer\DirectX.hpp">
      <Filter>Renderer</Filter>
    </ClInclude>
    <ClInclude Include="Defines.hpp" />
    <ClInclude Include="Renderer\OpenGLCommonStatic.hpp">
      <Filter>Renderer</Filter>
    </ClInclude>
    <ClInclude Include="Renderer\OpenGLCommonShader.hpp">
      <Filter>Renderer</Filter>
    </ClInclude>
    <ClInclude Include="Renderer\GLExt.hpp">
      <Filter>Renderer</Filter>
    </ClInclude>
    <ClInclude Include="Renderer\GraphicApi.hpp">
      <Filter>Renderer</Filter>
    </ClInclude>
    <ClInclude Include="Renderer\OpenGLCommon.Texture.hpp">
      <Filter>Renderer</Filter>
    </ClInclude>
    <ClInclude Include="Renderer\GraphicApi.Constants.hpp">
      <Filter>Renderer</Filter>
    </ClInclude>
    <ClInclude Include="Renderer\shaders\Data.h">
      <Filter>Renderer\shaders</Filter>
    </ClInclude>
    <ClInclude Include="Renderer\shaders\Shaders.hpp">
      <Filter>Renderer\shaders</Filter>
    </ClInclude>
    <ClInclude Include="Renderer\shaders\Data.hpp">
      <Filter>Renderer\shaders</Filter>
    </ClInclude>
  </ItemGroup>
  <ItemGroup>
    <ClCompile Include="stdafx.cpp">
      <Filter>Common</Filter>
    </ClCompile>
    <ClCompile Include="Window.cpp" />
    <ClCompile Include="Renderer\DxCheck.cpp">
      <Filter>Renderer</Filter>
    </ClCompile>
    <ClCompile Include="Renders.cpp" />
    <ClCompile Include="Renderer\DirectX10.cpp">
      <Filter>Renderer</Filter>
    </ClCompile>
    <ClCompile Include="Renderer\DirectX11.cpp">
      <Filter>Renderer</Filter>
    </ClCompile>
    <ClCompile Include="Renderer\OpenGL.cpp">
      <Filter>Renderer</Filter>
    </ClCompile>
    <ClCompile Include="Renderer\OpenGLCommon.cpp">
      <Filter>Renderer</Filter>
    </ClCompile>
    <ClCompile Include="Renderer\DirectX.cpp">
      <Filter>Renderer</Filter>
    </ClCompile>
    <ClCompile Include="Window.windows.cpp" />
    <ClCompile Include="Renderer\OpenGLCommonStatic.cpp">
      <Filter>Renderer</Filter>
    </ClCompile>
    <ClCompile Include="Renderer\OpenGLCommonShader.cpp">
      <Filter>Renderer</Filter>
    </ClCompile>
    <ClCompile Include="Renderer\GraphicApi.cpp">
      <Filter>Renderer</Filter>
    </ClCompile>
    <ClCompile Include="Renderer\OpenGLCommon.Texture.cpp">
      <Filter>Renderer</Filter>
    </ClCompile>
    <ClCompile Include="Renderer\GraphicApi.CapturingServiceComponent.cpp">
      <Filter>Renderer</Filter>
    </ClCompile>
  </ItemGroup>
  <ItemGroup>
    <FxCompile Include="Renderer\shaders\Input.fx">
      <Filter>Renderer\shaders</Filter>
    </FxCompile>
    <FxCompile Include="Renderer\shaders\DefaultDeprecated.fx">
      <Filter>Renderer\shaders</Filter>
    </FxCompile>
    <FxCompile Include="Renderer\shaders\Default.fx">
      <Filter>Renderer\shaders</Filter>
    </FxCompile>
    <FxCompile Include="Renderer\shaders\Predefined.fx">
      <Filter>Renderer\shaders</Filter>
    </FxCompile>
  </ItemGroup>
  <ItemGroup>
    <None Include="Component.inl" />
  </ItemGroup>
</Project>