<?xml version="1.0" encoding="utf-8"?>
<Project ToolsVersion="4.0" xmlns="http://schemas.microsoft.com/developer/msbuild/2003">
  <ItemGroup>
    <Filter Include="Source">
      <UniqueIdentifier>{0b32bfba-a2e6-498f-b78b-da37c9bc83e4}</UniqueIdentifier>
    </Filter>
    <Filter Include="Tests">
      <UniqueIdentifier>{8c9b3b90-01b4-4c5a-9f59-393719bfa270}</UniqueIdentifier>
    </Filter>
    <Filter Include="Tests\Window">
      <UniqueIdentifier>{d0617cde-65f0-432f-b00f-a50f7730b49d}</UniqueIdentifier>
    </Filter>
    <Filter Include="Tests\IWindow">
      <UniqueIdentifier>{e7583767-c3f1-42cf-874a-7e3a621da096}</UniqueIdentifier>
    </Filter>
    <Filter Include="Tests\IRender">
      <UniqueIdentifier>{73875b0a-29d7-4215-9785-b7ce72472fe6}</UniqueIdentifier>
    </Filter>
    <Filter Include="Tests\Render">
      <UniqueIdentifier>{055fb21a-65f4-487c-b637-dd1da7f72d2c}</UniqueIdentifier>
    </Filter>
    <Filter Include="Tests\IGraphicApi">
      <UniqueIdentifier>{fe4a0f6f-22b9-4b0e-9edc-1903f9d5e923}</UniqueIdentifier>
    </Filter>
    <Filter Include="Tests\OpenGL">
      <UniqueIdentifier>{cb147f30-3a51-40b1-baec-3f1012a92018}</UniqueIdentifier>
    </Filter>
    <Filter Include="Tests\OpenGLES">
      <UniqueIdentifier>{fd1a3329-2102-4b41-9059-58e935c7ef33}</UniqueIdentifier>
    </Filter>
    <Filter Include="Tests\Fx">
      <UniqueIdentifier>{900921bd-f6fa-419f-8f22-8b725dce1005}</UniqueIdentifier>
    </Filter>
    <Filter Include="Tests\DirectX11">
      <UniqueIdentifier>{cd85736b-783e-47ff-a09f-efbe5657d20c}</UniqueIdentifier>
    </Filter>
    <Filter Include="Tests\DxCheck">
      <UniqueIdentifier>{736ba1c0-6b15-4629-80dc-5dc6f4db670c}</UniqueIdentifier>
    </Filter>
  </ItemGroup>
  <ItemGroup>
    <ResourceCompile Include="Resources.rc">
      <Filter>Source</Filter>
    </ResourceCompile>
  </ItemGroup>
  <ItemGroup>
    <ClCompile Include="stdafx.cpp">
      <Filter>Source</Filter>
    </ClCompile>
    <ClCompile Include="Test.Window\Window_test.cpp">
      <Filter>Tests\Window</Filter>
    </ClCompile>
    <ClCompile Include="Test.IWindow\IWindow_test.cpp">
      <Filter>Tests\IWindow</Filter>
    </ClCompile>
    <ClCompile Include="Test.IRender\IRender_test.cpp">
      <Filter>Tests\IRender</Filter>
    </ClCompile>
    <ClCompile Include="Test.Render\Render_test.cpp">
      <Filter>Tests\Render</Filter>
    </ClCompile>
    <ClCompile Include="Test.IGraphicApi\IGraphicApi_test.cpp">
      <Filter>Tests\IGraphicApi</Filter>
    </ClCompile>
    <ClCompile Include="Test.OpenGL\OpenGL_test.cpp">
      <Filter>Tests\OpenGL</Filter>
    </ClCompile>
    <ClCompile Include="Test.OpenGLES\OpenGLES_test.cpp">
      <Filter>Tests\OpenGLES</Filter>
    </ClCompile>
    <ClCompile Include="..\Covellite.Api\Render\Render.cpp">
      <Filter>Tests\Render</Filter>
    </ClCompile>
    <ClCompile Include="Test.Fx\Fx_test.cpp">
      <Filter>Tests\Fx</Filter>
    </ClCompile>
    <ClCompile Include="Test.DirectX11\DirectX11_test.cpp">
      <Filter>Tests\DirectX11</Filter>
    </ClCompile>
    <ClCompile Include="..\Covellite.Api\Render\DirectX11.cpp">
      <Filter>Tests\DirectX11</Filter>
    </ClCompile>
    <ClCompile Include="Test.DxCheck\DxCheck_test.cpp">
      <Filter>Tests\DxCheck</Filter>
    </ClCompile>
    <ClCompile Include="..\Covellite.Api\Render\DxCheck.cpp">
      <Filter>Tests\DxCheck</Filter>
    </ClCompile>
  </ItemGroup>
  <ItemGroup>
    <ClInclude Include="stdafx.h">
      <Filter>Source</Filter>
    </ClInclude>
    <ClInclude Include="mock.hpp" />
    <ClInclude Include="..\Covellite.Api\IWindow.hpp">
      <Filter>Tests\IWindow</Filter>
    </ClInclude>
    <ClInclude Include="..\Covellite.Api\Render\IRender.hpp">
      <Filter>Tests\IRender</Filter>
    </ClInclude>
    <ClInclude Include="..\Covellite.Api\Render\IGraphicApi.hpp">
      <Filter>Tests\IGraphicApi</Filter>
    </ClInclude>
    <ClInclude Include="..\Covellite.Api\Render\DirectX11.hpp">
      <Filter>Tests\DirectX11</Filter>
    </ClInclude>
    <ClInclude Include="..\Covellite.Api\Render\DxCheck.hpp">
      <Filter>Tests\DxCheck</Filter>
    </ClInclude>
  </ItemGroup>
</Project>