<?xml version="1.0" encoding="utf-8"?>
<Project ToolsVersion="4.0" xmlns="http://schemas.microsoft.com/developer/msbuild/2003">
  <ItemGroup>
    <Filter Include="Source">
      <UniqueIdentifier>{0b32bfba-a2e6-498f-b78b-da37c9bc83e4}</UniqueIdentifier>
    </Filter>
    <Filter Include="Tests">
      <UniqueIdentifier>{8c9b3b90-01b4-4c5a-9f59-393719bfa270}</UniqueIdentifier>
    </Filter>
    <Filter Include="Tests\Application">
      <UniqueIdentifier>{ce0c151a-6f00-484d-95dd-e28bcca29d04}</UniqueIdentifier>
    </Filter>
    <Filter Include="Tests\IWindow">
      <UniqueIdentifier>{eba590a4-e069-4c4f-96ce-ecbc03ec2c72}</UniqueIdentifier>
    </Filter>
    <Filter Include="Tests\Window">
      <UniqueIdentifier>{60fa670b-c7b0-4a08-9834-6af8644b5dbf}</UniqueIdentifier>
    </Filter>
    <Filter Include="Tests\EventHandler">
      <UniqueIdentifier>{84bd7953-5c2b-4cca-8bef-366d0f130744}</UniqueIdentifier>
    </Filter>
    <Filter Include="Tests\ApplicationEntryPoint">
      <UniqueIdentifier>{0aec5ecc-814b-4b1c-96f2-0c53f111b420}</UniqueIdentifier>
    </Filter>
    <Filter Include="Tests\KeyCode">
      <UniqueIdentifier>{535e5b7b-3177-42af-9789-5c317756797c}</UniqueIdentifier>
    </Filter>
    <Filter Include="Tests\Settings">
      <UniqueIdentifier>{7ea1df6f-b3fc-4376-a310-9484b9910dcd}</UniqueIdentifier>
    </Filter>
  </ItemGroup>
  <ItemGroup>
    <ResourceCompile Include="Resources.rc">
      <Filter>Source</Filter>
    </ResourceCompile>
  </ItemGroup>
  <ItemGroup>
    <ClCompile Include="stdafx.cpp">
      <Filter>Source</Filter>
    </ClCompile>
    <ClCompile Include="Test.Application\Application_test.cpp">
      <Filter>Tests\Application</Filter>
    </ClCompile>
    <ClCompile Include="Test.IWindow\IWindow_test.cpp">
      <Filter>Tests\IWindow</Filter>
    </ClCompile>
    <ClCompile Include="Test.ApplicationEntryPoint\ApplicationEntryPoint.android.test.cpp">
      <Filter>Tests\ApplicationEntryPoint</Filter>
    </ClCompile>
    <ClCompile Include="Test.ApplicationEntryPoint\ApplicationEntryPoint.test.cpp">
      <Filter>Tests\ApplicationEntryPoint</Filter>
    </ClCompile>
    <ClCompile Include="Test.EventHandler\EventHandler_test.cpp">
      <Filter>Tests\EventHandler</Filter>
    </ClCompile>
    <ClCompile Include="Test.Window\Window.android_test.cpp">
      <Filter>Tests\Window</Filter>
    </ClCompile>
    <ClCompile Include="Test.Window\Window.windows_test.cpp">
      <Filter>Tests\Window</Filter>
    </ClCompile>
    <ClCompile Include="Test.EventHandler\EventHandler.android_test.cpp">
      <Filter>Tests\EventHandler</Filter>
    </ClCompile>
    <ClCompile Include="Test.EventHandler\EventHandler.windows_test.cpp">
      <Filter>Tests\EventHandler</Filter>
    </ClCompile>
    <ClCompile Include="Test.Application\Application.android_test.cpp">
      <Filter>Tests\Application</Filter>
    </ClCompile>
    <ClCompile Include="Test.Application\Application.windows_test.cpp">
      <Filter>Tests\Application</Filter>
    </ClCompile>
    <ClCompile Include="Test.KeyCode\KeyCode.android_test.cpp">
      <Filter>Tests\KeyCode</Filter>
    </ClCompile>
    <ClCompile Include="Test.KeyCode\KeyCode.windows_test.cpp">
      <Filter>Tests\KeyCode</Filter>
    </ClCompile>
    <ClCompile Include="Test.Settings\Settings_test.cpp">
      <Filter>Tests\Settings</Filter>
    </ClCompile>
    <ClCompile Include="..\Covellite.Core\Settings.cpp">
      <Filter>Tests\Settings</Filter>
    </ClCompile>
  </ItemGroup>
  <ItemGroup>
    <ClInclude Include="stdafx.h">
      <Filter>Source</Filter>
    </ClInclude>
    <ClInclude Include="mock.hpp" />
    <ClInclude Include="..\Covellite.Core\IWindow.hpp">
      <Filter>Tests\IWindow</Filter>
    </ClInclude>
    <ClInclude Include="..\Covellite.Core\ApplicationEntryPoint.hpp">
      <Filter>Tests\ApplicationEntryPoint</Filter>
    </ClInclude>
    <ClInclude Include="..\Covellite.Core\Settings.hpp">
      <Filter>Tests\Settings</Filter>
    </ClInclude>
  </ItemGroup>
</Project>