<?xml version="1.0" encoding="utf-8"?>
<Project ToolsVersion="4.0" xmlns="http://schemas.microsoft.com/developer/msbuild/2003">
  <ItemGroup>
    <Filter Include="Common">
      <UniqueIdentifier>{00037395-33f5-4eb5-8588-ee71282fc62b}</UniqueIdentifier>
    </Filter>
  </ItemGroup>
  <ItemGroup>
    <ClInclude Include="pch.h">
      <Filter>Common</Filter>
    </ClInclude>
    <ClInclude Include="File.hpp" />
    <ClInclude Include="Initializer.hpp" />
    <ClInclude Include="Initializer.mock.hpp" />
    <ClInclude Include="IStringTranslator.hpp" />
    <ClInclude Include="Layer.hpp" />
    <ClInclude Include="Layer.mock.hpp" />
    <ClInclude Include="Rocket.forward.hpp" />
    <ClInclude Include="System.hpp" />
    <ClInclude Include="Window.hpp" />
    <ClInclude Include="Window.mock.hpp" />
    <ClInclude Include="Layers.hpp" />
    <ClInclude Include="Layers.mock.hpp" />
    <ClInclude Include="ILayer.hpp" />
    <ClInclude Include="StringTranslator.hpp" />
    <ClInclude Include="stdafx.h">
      <Filter>Common</Filter>
    </ClInclude>
    <ClInclude Include="IStringTranslator.mock.hpp" />
    <ClInclude Include="IWindow.hpp" />
    <ClInclude Include="Events.hpp" />
    <ClInclude Include="Renderer.hpp" />
    <ClInclude Include="EventListener.hpp" />
    <ClInclude Include="Vfs.hpp" />
  </ItemGroup>
  <ItemGroup>
    <None Include="Window.inl" />
  </ItemGroup>
  <ItemGroup>
    <ClCompile Include="File.cpp" />
    <ClCompile Include="Initializer.cpp" />
    <ClCompile Include="Layer.cpp" />
    <ClCompile Include="Window.cpp" />
    <ClCompile Include="Layers.cpp" />
    <ClCompile Include="StringTranslator.cpp" />
    <ClCompile Include="System.android.cpp" />
    <ClCompile Include="System.cpp" />
    <ClCompile Include="Layer.android.cpp" />
    <ClCompile Include="SystemToRocketKeyCode.android.cpp" />
    <ClCompile Include="Renderer.cpp" />
    <ClCompile Include="EventListener.cpp" />
  </ItemGroup>
</Project>