<?xml version="1.0" encoding="utf-8"?>
<Project ToolsVersion="4.0" xmlns="http://schemas.microsoft.com/developer/msbuild/2003">
  <ItemGroup>
    <Filter Include="Common">
      <UniqueIdentifier>{50f76377-3f83-45d1-a743-e6a8bcb5aa90}</UniqueIdentifier>
    </Filter>
  </ItemGroup>
  <ItemGroup>
    <ClInclude Include="stdafx.h">
      <Filter>Common</Filter>
    </ClInclude>
    <ClInclude Include="targetver.h">
      <Filter>Common</Filter>
    </ClInclude>
    <ClInclude Include="Error.hpp" />
    <ClInclude Include="Params.hpp" />
    <ClInclude Include="Events.hpp" />
    <ClInclude Include="Signal.hpp" />
    <ClInclude Include="Signals.hpp" />
    <ClInclude Include="IEvents.hpp" />
  </ItemGroup>
  <ItemGroup>
    <ClCompile Include="stdafx.cpp">
      <Filter>Common</Filter>
    </ClCompile>
    <ClCompile Include="Events.cpp" />
    <ClCompile Include="Signal.cpp" />
  </ItemGroup>
  <ItemGroup>
    <None Include="Events.inl" />
  </ItemGroup>
</Project>