<?xml version="1.0" encoding="utf-8"?>
<Project ToolsVersion="4.0" xmlns="http://schemas.microsoft.com/developer/msbuild/2003">
  <ItemGroup>
    <Filter Include="Source">
      <UniqueIdentifier>{0b32bfba-a2e6-498f-b78b-da37c9bc83e4}</UniqueIdentifier>
    </Filter>
    <Filter Include="Tests">
      <UniqueIdentifier>{8c9b3b90-01b4-4c5a-9f59-393719bfa270}</UniqueIdentifier>
    </Filter>
    <Filter Include="Tests\File">
      <UniqueIdentifier>{dd179f05-e33f-4eba-9ab4-22062259ce64}</UniqueIdentifier>
    </Filter>
    <Filter Include="Tests\System">
      <UniqueIdentifier>{97147de2-6589-4f7d-a5d7-fd61dbf7613f}</UniqueIdentifier>
    </Filter>
    <Filter Include="Tests\Initializer">
      <UniqueIdentifier>{0bfb9bf3-966d-4750-97d3-032803b1a27b}</UniqueIdentifier>
    </Filter>
    <Filter Include="Tests\Layer">
      <UniqueIdentifier>{c21c14e8-25b0-4d5f-ac01-21306f4486f2}</UniqueIdentifier>
    </Filter>
    <Filter Include="Tests\Window">
      <UniqueIdentifier>{8ea86503-ccd9-4b5e-8ed7-18eae7d35af2}</UniqueIdentifier>
    </Filter>
    <Filter Include="Tests\Layers">
      <UniqueIdentifier>{f11ab09c-d42c-488e-bf8e-d7e053697884}</UniqueIdentifier>
    </Filter>
    <Filter Include="Tests\ILayer">
      <UniqueIdentifier>{7fdbc6a1-2927-4075-9cc0-2e1637af30ea}</UniqueIdentifier>
    </Filter>
    <Filter Include="Tests\StringTranslator">
      <UniqueIdentifier>{cdb66d9d-7b20-4548-ab28-acf402e23ab5}</UniqueIdentifier>
    </Filter>
    <Filter Include="Tests\IStringTranslator">
      <UniqueIdentifier>{1eb62e50-df29-4c6b-854e-27dbaf342e6a}</UniqueIdentifier>
    </Filter>
    <Filter Include="Tests\IWindow">
      <UniqueIdentifier>{b786020a-2b36-4c2d-9ed8-a090cfdd9bc9}</UniqueIdentifier>
    </Filter>
    <Filter Include="Tests\SystemToRocketKeyCode">
      <UniqueIdentifier>{b8253565-d85f-4afc-b245-9fb0dfc532e4}</UniqueIdentifier>
    </Filter>
    <Filter Include="Tests\Renderer">
      <UniqueIdentifier>{e9b38aa4-cc64-432a-9c73-e8b39681d080}</UniqueIdentifier>
    </Filter>
    <Filter Include="Tests\EventListener">
      <UniqueIdentifier>{a7014373-bdbe-43ac-960b-f5f612a51a1c}</UniqueIdentifier>
    </Filter>
  </ItemGroup>
  <ItemGroup>
    <ResourceCompile Include="Resources.rc">
      <Filter>Source</Filter>
    </ResourceCompile>
  </ItemGroup>
  <ItemGroup>
    <ClCompile Include="stdafx.cpp">
      <Filter>Source</Filter>
    </ClCompile>
    <ClCompile Include="Test.File\File_test.cpp">
      <Filter>Tests\File</Filter>
    </ClCompile>
    <ClCompile Include="Test.System\System_test.cpp">
      <Filter>Tests\System</Filter>
    </ClCompile>
    <ClCompile Include="Test.Initializer\Initializer_test.cpp">
      <Filter>Tests\Initializer</Filter>
    </ClCompile>
    <ClCompile Include="Test.Layer\Layer_test.cpp">
      <Filter>Tests\Layer</Filter>
    </ClCompile>
    <ClCompile Include="Test.Window\Window_test.cpp">
      <Filter>Tests\Window</Filter>
    </ClCompile>
    <ClCompile Include="Test.Layers\Layers_test.cpp">
      <Filter>Tests\Layers</Filter>
    </ClCompile>
    <ClCompile Include="Test.ILayer\ILayer_test.cpp">
      <Filter>Tests\ILayer</Filter>
    </ClCompile>
    <ClCompile Include="Test.StringTranslator\StringTranslator_test.cpp">
      <Filter>Tests\StringTranslator</Filter>
    </ClCompile>
    <ClCompile Include="Test.IStringTranslator\IStringTranslator_test.cpp">
      <Filter>Tests\IStringTranslator</Filter>
    </ClCompile>
    <ClCompile Include="Test.System\System.android_test.cpp">
      <Filter>Tests\System</Filter>
    </ClCompile>
    <ClCompile Include="Test.System\System.windows_test.cpp">
      <Filter>Tests\System</Filter>
    </ClCompile>
    <ClCompile Include="Test.IWindow\IWindow_test.cpp">
      <Filter>Tests\IWindow</Filter>
    </ClCompile>
    <ClCompile Include="Test.SystemToRocketKeyCode\SystemToRocketKeyCode_test.cpp">
      <Filter>Tests\SystemToRocketKeyCode</Filter>
    </ClCompile>
    <ClCompile Include="..\Covellite.Gui\File.cpp">
      <Filter>Tests\File</Filter>
    </ClCompile>
    <ClCompile Include="..\Covellite.Gui\Initializer.cpp">
      <Filter>Tests\Initializer</Filter>
    </ClCompile>
    <ClCompile Include="..\Covellite.Gui\Layers.cpp">
      <Filter>Tests\Layers</Filter>
    </ClCompile>
    <ClCompile Include="..\Covellite.Gui\StringTranslator.cpp">
      <Filter>Tests\StringTranslator</Filter>
    </ClCompile>
    <ClCompile Include="Test.Layer\Layer.android_test.cpp">
      <Filter>Tests\Layer</Filter>
    </ClCompile>
    <ClCompile Include="Test.Layer\Layer.windows_test.cpp">
      <Filter>Tests\Layer</Filter>
    </ClCompile>
    <ClCompile Include="Test.Renderer\Renderer_test.cpp">
      <Filter>Tests\Renderer</Filter>
    </ClCompile>
    <ClCompile Include="Test.EventListener\EventListener_test.cpp">
      <Filter>Tests\EventListener</Filter>
    </ClCompile>
  </ItemGroup>
  <ItemGroup>
    <ClInclude Include="stdafx.h">
      <Filter>Source</Filter>
    </ClInclude>
    <ClInclude Include="mock.hpp" />
    <ClInclude Include="..\Covellite.Gui\File.hpp">
      <Filter>Tests\File</Filter>
    </ClInclude>
    <ClInclude Include="..\Covellite.Gui\Initializer.hpp">
      <Filter>Tests\Initializer</Filter>
    </ClInclude>
    <ClInclude Include="..\Covellite.Gui\StringTranslator.hpp">
      <Filter>Tests\StringTranslator</Filter>
    </ClInclude>
  </ItemGroup>
</Project>