<?xml version="1.0" encoding="utf-8"?>
<Project ToolsVersion="4.0" xmlns="http://schemas.microsoft.com/developer/msbuild/2003">
  <ItemGroup>
    <Filter Include="Common">
      <UniqueIdentifier>{860c544a-a657-4c5e-8dc5-628bc712166f}</UniqueIdentifier>
    </Filter>
  </ItemGroup>
  <ItemGroup>
    <ClInclude Include="pch.h">
      <Filter>Common</Filter>
    </ClInclude>
    <ClInclude Include="Environment.hpp" />
  </ItemGroup>
  <ItemGroup>
    <ClCompile Include="Environment.cpp" />
  </ItemGroup>
</Project>