<?xml version="1.0" encoding="utf-8"?>
<Project ToolsVersion="4.0" xmlns="http://schemas.microsoft.com/developer/msbuild/2003">
  <ItemGroup>
    <Filter Include="Common">
      <UniqueIdentifier>{1e61e479-f0a9-49a3-9a3b-f319be239c5e}</UniqueIdentifier>
    </Filter>
    <Filter Include="Resource">
      <UniqueIdentifier>{bf49a00f-78e1-46a4-a4f6-4a6745c47c95}</UniqueIdentifier>
    </Filter>
    <Filter Include="Layers">
      <UniqueIdentifier>{38607f8d-ec58-4131-9f13-bc59eb9ea040}</UniqueIdentifier>
    </Filter>
    <Filter Include="Basements">
      <UniqueIdentifier>{2ecb0207-bc8d-4e79-abcd-b8d9224423ac}</UniqueIdentifier>
    </Filter>
    <Filter Include="Basements\Demo">
      <UniqueIdentifier>{186d593e-9f21-44f6-9b38-152f5ab2e787}</UniqueIdentifier>
    </Filter>
    <Filter Include="Layers\CircularBar">
      <UniqueIdentifier>{ae648b89-3ec0-469a-b809-c465dd3cb68e}</UniqueIdentifier>
    </Filter>
    <Filter Include="Layers\ProgressBar">
      <UniqueIdentifier>{00a91ba4-038a-420c-86eb-15eb85fd59d5}</UniqueIdentifier>
    </Filter>
  </ItemGroup>
  <ItemGroup>
    <ClInclude Include="stdafx.h">
      <Filter>Common</Filter>
    </ClInclude>
    <ClInclude Include="targetver.h">
      <Filter>Common</Filter>
    </ClInclude>
    <ClInclude Include="ExampleApp.hpp" />
    <ClInclude Include="ExampleWindow.hpp" />
    <ClInclude Include="Layers\MainScreen.hpp">
      <Filter>Layers</Filter>
    </ClInclude>
    <ClInclude Include="Layers\stdafx.h">
      <Filter>Layers</Filter>
    </ClInclude>
    <ClInclude Include="Layers\Controls.hpp">
      <Filter>Layers</Filter>
    </ClInclude>
    <ClInclude Include="Layers\Layer.hpp">
      <Filter>Layers</Filter>
    </ClInclude>
    <ClInclude Include="Layers\Description.hpp">
      <Filter>Layers</Filter>
    </ClInclude>
    <ClInclude Include="Layers\Demo.hpp">
      <Filter>Layers</Filter>
    </ClInclude>
    <ClInclude Include="Layers\Draw3DObject.hpp">
      <Filter>Layers</Filter>
    </ClInclude>
    <ClInclude Include="Layers\Text.hpp">
      <Filter>Layers</Filter>
    </ClInclude>
    <ClInclude Include="Basements\Dummy.hpp">
      <Filter>Basements</Filter>
    </ClInclude>
    <ClInclude Include="Basements\IBasement.hpp">
      <Filter>Basements</Filter>
    </ClInclude>
    <ClInclude Include="Basements\Simple3DObject.hpp">
      <Filter>Basements</Filter>
    </ClInclude>
    <ClInclude Include="Basements\stdafx.h">
      <Filter>Basements</Filter>
    </ClInclude>
    <ClInclude Include="Basements\Simple2DGame.hpp">
      <Filter>Basements</Filter>
    </ClInclude>
    <ClInclude Include="Layers\Example2DGame.hpp">
      <Filter>Layers</Filter>
    </ClInclude>
    <ClInclude Include="Basements\Common.hpp">
      <Filter>Basements</Filter>
    </ClInclude>
    <ClInclude Include="Basements\Demo\Controller.hpp">
      <Filter>Basements\Demo</Filter>
    </ClInclude>
    <ClInclude Include="Basements\Demo\I3DScene.hpp">
      <Filter>Basements\Demo</Filter>
    </ClInclude>
    <ClInclude Include="Basements\Demo\IDbComponents.hpp">
      <Filter>Basements\Demo</Filter>
    </ClInclude>
    <ClInclude Include="Basements\Demo\IDbRenders.hpp">
      <Filter>Basements\Demo</Filter>
    </ClInclude>
    <ClInclude Include="Basements\Demo\IGameWorld.hpp">
      <Filter>Basements\Demo</Filter>
    </ClInclude>
    <ClInclude Include="Basements\Demo\Model.hpp">
      <Filter>Basements\Demo</Filter>
    </ClInclude>
    <ClInclude Include="Basements\Demo\stdafx.h">
      <Filter>Basements\Demo</Filter>
    </ClInclude>
    <ClInclude Include="Basements\Demo\View.hpp">
      <Filter>Basements\Demo</Filter>
    </ClInclude>
    <ClInclude Include="Basements\Demo.hpp">
      <Filter>Basements</Filter>
    </ClInclude>
    <ClInclude Include="Basements\Demo\DbComponents.hpp">
      <Filter>Basements\Demo</Filter>
    </ClInclude>
    <ClInclude Include="Basements\Demo\GameWorld.hpp">
      <Filter>Basements\Demo</Filter>
    </ClInclude>
    <ClInclude Include="Basements\Demo\3DScene.hpp">
      <Filter>Basements\Demo</Filter>
    </ClInclude>
    <ClInclude Include="Basements\Demo\DbRenders.hpp">
      <Filter>Basements\Demo</Filter>
    </ClInclude>
    <ClInclude Include="Basements\Demo\GameScene.hpp">
      <Filter>Basements\Demo</Filter>
    </ClInclude>
    <ClInclude Include="BasementWindow.hpp" />
    <ClInclude Include="Basements\Demo\Defines.hpp">
      <Filter>Basements\Demo</Filter>
    </ClInclude>
    <ClInclude Include="Basements\Demo\DbUpdaters.hpp">
      <Filter>Basements\Demo</Filter>
    </ClInclude>
    <ClInclude Include="Basements\Demo\IGameObject.hpp">
      <Filter>Basements\Demo</Filter>
    </ClInclude>
    <ClInclude Include="Basements\Demo\GameObject.hpp">
      <Filter>Basements\Demo</Filter>
    </ClInclude>
    <ClInclude Include="Basements\Demo\Camera.hpp">
      <Filter>Basements\Demo</Filter>
    </ClInclude>
    <ClInclude Include="Basements\Demo\Constants.hpp">
      <Filter>Basements\Demo</Filter>
    </ClInclude>
    <ClInclude Include="Basements\Demo\CubeCoords.hpp">
      <Filter>Basements\Demo</Filter>
    </ClInclude>
    <ClInclude Include="Basements\Demo\Compass.hpp">
      <Filter>Basements\Demo</Filter>
    </ClInclude>
    <ClInclude Include="Basements\Demo\Landscape.hpp">
      <Filter>Basements\Demo</Filter>
    </ClInclude>
    <ClInclude Include="Basements\Demo\Loader.hpp">
      <Filter>Basements\Demo</Filter>
    </ClInclude>
    <ClInclude Include="Basements\Demo\Water.hpp">
      <Filter>Basements\Demo</Filter>
    </ClInclude>
    <ClInclude Include="Basements\Demo\Skybox.hpp">
      <Filter>Basements\Demo</Filter>
    </ClInclude>
  </ItemGroup>
  <ItemGroup>
    <ClCompile Include="stdafx.cpp">
      <Filter>Common</Filter>
    </ClCompile>
    <ClCompile Include="ExampleApp.cpp" />
    <ClCompile Include="ExampleWindow.cpp" />
    <ClCompile Include="DefaultSettings.cpp" />
    <ClCompile Include="ReadFileData.cpp" />
    <ClCompile Include="Layers\MainScreen.cpp">
      <Filter>Layers</Filter>
    </ClCompile>
    <ClCompile Include="Layers\Controls.cpp">
      <Filter>Layers</Filter>
    </ClCompile>
    <ClCompile Include="Layers\Layer.cpp">
      <Filter>Layers</Filter>
    </ClCompile>
    <ClCompile Include="Layers\Description.cpp">
      <Filter>Layers</Filter>
    </ClCompile>
    <ClCompile Include="Layers\Demo.cpp">
      <Filter>Layers</Filter>
    </ClCompile>
    <ClCompile Include="Layers\Draw3DObject.cpp">
      <Filter>Layers</Filter>
    </ClCompile>
    <ClCompile Include="Layers\Text.cpp">
      <Filter>Layers</Filter>
    </ClCompile>
    <ClCompile Include="Basements\Simple3DObject.cpp">
      <Filter>Basements</Filter>
    </ClCompile>
    <ClCompile Include="Basements\Simple2DGame.cpp">
      <Filter>Basements</Filter>
    </ClCompile>
    <ClCompile Include="Layers\Example2DGame.cpp">
      <Filter>Layers</Filter>
    </ClCompile>
    <ClCompile Include="Basements\Common.cpp">
      <Filter>Basements</Filter>
    </ClCompile>
    <ClCompile Include="..\..\Externals.doxygen.ignore\ProgressBar\Source\ProgressBar\ElementProgressBar.cpp">
      <Filter>Layers\ProgressBar</Filter>
    </ClCompile>
    <ClCompile Include="..\..\Externals.doxygen.ignore\ProgressBar\Source\ProgressBar\ProgressBar.cpp">
      <Filter>Layers\ProgressBar</Filter>
    </ClCompile>
    <ClCompile Include="..\..\Externals.doxygen.ignore\CircularBar\Source\CircularBar\CircularBar.cpp">
      <Filter>Layers\CircularBar</Filter>
    </ClCompile>
    <ClCompile Include="..\..\Externals.doxygen.ignore\CircularBar\Source\CircularBar\ElementCircularBar.cpp">
      <Filter>Layers\CircularBar</Filter>
    </ClCompile>
    <ClCompile Include="Basements\Demo\Controller.cpp">
      <Filter>Basements\Demo</Filter>
    </ClCompile>
    <ClCompile Include="Basements\Demo\Model.cpp">
      <Filter>Basements\Demo</Filter>
    </ClCompile>
    <ClCompile Include="Basements\Demo\View.cpp">
      <Filter>Basements\Demo</Filter>
    </ClCompile>
    <ClCompile Include="Basements\Demo.cpp">
      <Filter>Basements</Filter>
    </ClCompile>
    <ClCompile Include="Basements\Demo\DbComponents.cpp">
      <Filter>Basements\Demo</Filter>
    </ClCompile>
    <ClCompile Include="Basements\Demo\GameWorld.cpp">
      <Filter>Basements\Demo</Filter>
    </ClCompile>
    <ClCompile Include="Basements\Demo\3DScene.cpp">
      <Filter>Basements\Demo</Filter>
    </ClCompile>
    <ClCompile Include="Basements\Demo\DbRenders.cpp">
      <Filter>Basements\Demo</Filter>
    </ClCompile>
    <ClCompile Include="BasementWindow.cpp" />
    <ClCompile Include="Basements\Demo\DbUpdaters.cpp">
      <Filter>Basements\Demo</Filter>
    </ClCompile>
    <ClCompile Include="Basements\Demo\GameObject.cpp">
      <Filter>Basements\Demo</Filter>
    </ClCompile>
    <ClCompile Include="Basements\Demo\Camera.cpp">
      <Filter>Basements\Demo</Filter>
    </ClCompile>
    <ClCompile Include="Basements\Demo\Compass.cpp">
      <Filter>Basements\Demo</Filter>
    </ClCompile>
    <ClCompile Include="Basements\Demo\Landscape.cpp">
      <Filter>Basements\Demo</Filter>
    </ClCompile>
    <ClCompile Include="Basements\Demo\Loader.cpp">
      <Filter>Basements\Demo</Filter>
    </ClCompile>
    <ClCompile Include="Basements\Demo\Water.cpp">
      <Filter>Basements\Demo</Filter>
    </ClCompile>
    <ClCompile Include="Basements\Demo\CubeCoords.cpp">
      <Filter>Basements\Demo</Filter>
    </ClCompile>
    <ClCompile Include="Basements\Demo\GameScene.cpp">
      <Filter>Basements\Demo</Filter>
    </ClCompile>
    <ClCompile Include="Basements\Demo\Landscape.Mesh.cpp">
      <Filter>Basements\Demo</Filter>
    </ClCompile>
    <ClCompile Include="Basements\Demo\GameObject.Mesh.cpp">
      <Filter>Basements\Demo</Filter>
    </ClCompile>
    <ClCompile Include="Basements\Demo\GameObject.Texture.cpp">
      <Filter>Basements\Demo</Filter>
    </ClCompile>
    <ClCompile Include="Basements\Demo\Skybox.cpp">
      <Filter>Basements\Demo</Filter>
    </ClCompile>
  </ItemGroup>
  <ItemGroup>
    <ResourceCompile Include="Version.rc">
      <Filter>Common</Filter>
    </ResourceCompile>
    <ResourceCompile Include="Icon.rc">
      <Filter>Resource</Filter>
    </ResourceCompile>
  </ItemGroup>
  <ItemGroup>
    <Image Include="ApplicationIcon.ico">
      <Filter>Resource</Filter>
    </Image>
  </ItemGroup>
</Project>