<?xml version="1.0" encoding="utf-8"?>
<Project ToolsVersion="4.0" xmlns="http://schemas.microsoft.com/developer/msbuild/2003">
  <ItemGroup>
    <Filter Include="Common">
      <UniqueIdentifier>{1e61e479-f0a9-49a3-9a3b-f319be239c5e}</UniqueIdentifier>
    </Filter>
    <Filter Include="Resource">
      <UniqueIdentifier>{bf49a00f-78e1-46a4-a4f6-4a6745c47c95}</UniqueIdentifier>
    </Filter>
    <Filter Include="Layers">
      <UniqueIdentifier>{38607f8d-ec58-4131-9f13-bc59eb9ea040}</UniqueIdentifier>
    </Filter>
    <Filter Include="Basements">
      <UniqueIdentifier>{2ecb0207-bc8d-4e79-abcd-b8d9224423ac}</UniqueIdentifier>
    </Filter>
  </ItemGroup>
  <ItemGroup>
    <ClInclude Include="stdafx.h">
      <Filter>Common</Filter>
    </ClInclude>
    <ClInclude Include="targetver.h">
      <Filter>Common</Filter>
    </ClInclude>
    <ClInclude Include="ExampleApp.hpp" />
    <ClInclude Include="ExampleWindow.hpp" />
    <ClInclude Include="ExtraWindow.hpp" />
    <ClInclude Include="Layers\MainScreen.hpp">
      <Filter>Layers</Filter>
    </ClInclude>
    <ClInclude Include="Layers\stdafx.h">
      <Filter>Layers</Filter>
    </ClInclude>
    <ClInclude Include="Layers\Controls.hpp">
      <Filter>Layers</Filter>
    </ClInclude>
    <ClInclude Include="Layers\Layer.hpp">
      <Filter>Layers</Filter>
    </ClInclude>
    <ClInclude Include="Layers\Description.hpp">
      <Filter>Layers</Filter>
    </ClInclude>
    <ClInclude Include="Layers\Demo.hpp">
      <Filter>Layers</Filter>
    </ClInclude>
    <ClInclude Include="Layers\Draw3DObject.hpp">
      <Filter>Layers</Filter>
    </ClInclude>
    <ClInclude Include="Layers\Text.hpp">
      <Filter>Layers</Filter>
    </ClInclude>
    <ClInclude Include="Basements\Dummy.hpp">
      <Filter>Basements</Filter>
    </ClInclude>
    <ClInclude Include="Basements\IBasement.hpp">
      <Filter>Basements</Filter>
    </ClInclude>
    <ClInclude Include="Basements\Simple3DObject.hpp">
      <Filter>Basements</Filter>
    </ClInclude>
    <ClInclude Include="Basements\stdafx.h">
      <Filter>Basements</Filter>
    </ClInclude>
    <ClInclude Include="Basements\Simple2DGame.hpp">
      <Filter>Basements</Filter>
    </ClInclude>
    <ClInclude Include="Layers\Example2DGame.hpp">
      <Filter>Layers</Filter>
    </ClInclude>
    <ClInclude Include="Basements\Common.hpp">
      <Filter>Basements</Filter>
    </ClInclude>
  </ItemGroup>
  <ItemGroup>
    <ClCompile Include="stdafx.cpp">
      <Filter>Common</Filter>
    </ClCompile>
    <ClCompile Include="ExampleApp.cpp" />
    <ClCompile Include="ExampleWindow.cpp" />
    <ClCompile Include="ExtraWindow.cpp" />
    <ClCompile Include="DefaultSettings.cpp" />
    <ClCompile Include="ReadFileData.cpp" />
    <ClCompile Include="Layers\MainScreen.cpp">
      <Filter>Layers</Filter>
    </ClCompile>
    <ClCompile Include="Layers\Controls.cpp">
      <Filter>Layers</Filter>
    </ClCompile>
    <ClCompile Include="Layers\Layer.cpp">
      <Filter>Layers</Filter>
    </ClCompile>
    <ClCompile Include="Layers\Description.cpp">
      <Filter>Layers</Filter>
    </ClCompile>
    <ClCompile Include="Layers\Demo.cpp">
      <Filter>Layers</Filter>
    </ClCompile>
    <ClCompile Include="Layers\Draw3DObject.cpp">
      <Filter>Layers</Filter>
    </ClCompile>
    <ClCompile Include="Layers\Text.cpp">
      <Filter>Layers</Filter>
    </ClCompile>
    <ClCompile Include="Basements\Simple3DObject.cpp">
      <Filter>Basements</Filter>
    </ClCompile>
    <ClCompile Include="Basements\Simple2DGame.cpp">
      <Filter>Basements</Filter>
    </ClCompile>
    <ClCompile Include="Layers\Example2DGame.cpp">
      <Filter>Layers</Filter>
    </ClCompile>
    <ClCompile Include="Basements\Common.cpp">
      <Filter>Basements</Filter>
    </ClCompile>
  </ItemGroup>
  <ItemGroup>
    <ResourceCompile Include="Version.rc">
      <Filter>Common</Filter>
    </ResourceCompile>
    <ResourceCompile Include="Icon.rc">
      <Filter>Resource</Filter>
    </ResourceCompile>
  </ItemGroup>
  <ItemGroup>
    <Image Include="ApplicationIcon.ico">
      <Filter>Resource</Filter>
    </Image>
  </ItemGroup>
</Project>