<?xml version="1.0" encoding="utf-8"?>
<Project ToolsVersion="4.0" xmlns="http://schemas.microsoft.com/developer/msbuild/2003">
  <ItemGroup>
    <Filter Include="Common">
      <UniqueIdentifier>{1e61e479-f0a9-49a3-9a3b-f319be239c5e}</UniqueIdentifier>
    </Filter>
    <Filter Include="Resource">
      <UniqueIdentifier>{bf49a00f-78e1-46a4-a4f6-4a6745c47c95}</UniqueIdentifier>
    </Filter>
  </ItemGroup>
  <ItemGroup>
    <ClInclude Include="stdafx.h">
      <Filter>Common</Filter>
    </ClInclude>
    <ClInclude Include="targetver.h">
      <Filter>Common</Filter>
    </ClInclude>
    <ClInclude Include="ExampleApp.hpp" />
    <ClInclude Include="ExampleWindow.hpp" />
    <ClInclude Include="ExtraWindow.hpp" />
  </ItemGroup>
  <ItemGroup>
    <ClCompile Include="stdafx.cpp">
      <Filter>Common</Filter>
    </ClCompile>
    <ClCompile Include="ExampleApp.cpp" />
    <ClCompile Include="ExampleWindow.cpp" />
    <ClCompile Include="ExtraWindow.cpp" />
    <ClCompile Include="DefaultSettings.cpp" />
    <ClCompile Include="ReadFileData.cpp" />
  </ItemGroup>
  <ItemGroup>
    <ResourceCompile Include="Version.rc">
      <Filter>Common</Filter>
    </ResourceCompile>
    <ResourceCompile Include="Icon.rc">
      <Filter>Resource</Filter>
    </ResourceCompile>
  </ItemGroup>
  <ItemGroup>
    <Image Include="ApplicationIcon.ico">
      <Filter>Resource</Filter>
    </Image>
  </ItemGroup>
</Project>