<?xml version="1.0" encoding="utf-8"?>
<Project ToolsVersion="4.0" xmlns="http://schemas.microsoft.com/developer/msbuild/2003">
  <ItemGroup>
    <Filter Include="Common">
      <UniqueIdentifier>{f2ec08dc-c3e1-4226-9c59-457faa56791e}</UniqueIdentifier>
    </Filter>
    <Filter Include="Source">
      <UniqueIdentifier>{decf1438-cc29-4e1a-990d-d7f85964ddff}</UniqueIdentifier>
    </Filter>
  </ItemGroup>
  <ItemGroup>
    <ResourceCompile Include="Resources.rc">
      <Filter>Common</Filter>
    </ResourceCompile>
  </ItemGroup>
  <ItemGroup>
    <ClCompile Include="stdafx.cpp">
      <Filter>Common</Filter>
    </ClCompile>
    <ClCompile Include="Window.android_test.cpp" />
    <ClCompile Include="Window.windows_test.cpp" />
    <ClCompile Include="Window_test.cpp" />
    <ClCompile Include="Window.windows.deprecated_test.cpp" />
    <ClCompile Include="Window.android.deprecated_test.cpp" />
  </ItemGroup>
  <ItemGroup>
    <ClInclude Include="stdafx.h">
      <Filter>Common</Filter>
    </ClInclude>
  </ItemGroup>
</Project>